// !$*UTF8*$!
{
	archiveVersion = 1;
	classes = {
	};
	objectVersion = 56;
	objects = {

/* Begin PBXBuildFile section */
		FB18BFC229F6CD93004DC6EB /* ImageListPresenter.swift in Sources */ = {isa = PBXBuildFile; fileRef = FB18BFBC29F6CD93004DC6EB /* ImageListPresenter.swift */; };
		FB18BFC329F6CD93004DC6EB /* ImageListWorker.swift in Sources */ = {isa = PBXBuildFile; fileRef = FB18BFBD29F6CD93004DC6EB /* ImageListWorker.swift */; };
		FB18BFC429F6CD93004DC6EB /* ImageListRouter.swift in Sources */ = {isa = PBXBuildFile; fileRef = FB18BFBE29F6CD93004DC6EB /* ImageListRouter.swift */; };
		FB18BFC529F6CD93004DC6EB /* ImageListModels.swift in Sources */ = {isa = PBXBuildFile; fileRef = FB18BFBF29F6CD93004DC6EB /* ImageListModels.swift */; };
		FB18BFC629F6CD93004DC6EB /* ImageListViewController.swift in Sources */ = {isa = PBXBuildFile; fileRef = FB18BFC029F6CD93004DC6EB /* ImageListViewController.swift */; };
		FB18BFC729F6CD93004DC6EB /* ImageListInteractor.swift in Sources */ = {isa = PBXBuildFile; fileRef = FB18BFC129F6CD93004DC6EB /* ImageListInteractor.swift */; };
		FB18BFCF29F6CDDA004DC6EB /* ImageDetailPresenter.swift in Sources */ = {isa = PBXBuildFile; fileRef = FB18BFC929F6CDDA004DC6EB /* ImageDetailPresenter.swift */; };
		FB18BFD029F6CDDA004DC6EB /* ImageDetailWorker.swift in Sources */ = {isa = PBXBuildFile; fileRef = FB18BFCA29F6CDDA004DC6EB /* ImageDetailWorker.swift */; };
		FB18BFD129F6CDDA004DC6EB /* ImageDetailRouter.swift in Sources */ = {isa = PBXBuildFile; fileRef = FB18BFCB29F6CDDA004DC6EB /* ImageDetailRouter.swift */; };
		FB18BFD229F6CDDA004DC6EB /* ImageDetailModels.swift in Sources */ = {isa = PBXBuildFile; fileRef = FB18BFCC29F6CDDA004DC6EB /* ImageDetailModels.swift */; };
		FB18BFD329F6CDDA004DC6EB /* ImageDetailViewController.swift in Sources */ = {isa = PBXBuildFile; fileRef = FB18BFCD29F6CDDA004DC6EB /* ImageDetailViewController.swift */; };
		FB18BFD429F6CDDA004DC6EB /* ImageDetailInteractor.swift in Sources */ = {isa = PBXBuildFile; fileRef = FB18BFCE29F6CDDA004DC6EB /* ImageDetailInteractor.swift */; };
		FB18BFD629F6CEE4004DC6EB /* ImageListStoryboard.storyboard in Resources */ = {isa = PBXBuildFile; fileRef = FB18BFD529F6CEE4004DC6EB /* ImageListStoryboard.storyboard */; };
		FB18BFD829F6CF08004DC6EB /* ImageDetailStoryboard.storyboard in Resources */ = {isa = PBXBuildFile; fileRef = FB18BFD729F6CF08004DC6EB /* ImageDetailStoryboard.storyboard */; };
		FBFEE19629F6C91200EFAB20 /* AppDelegate.swift in Sources */ = {isa = PBXBuildFile; fileRef = FBFEE19529F6C91200EFAB20 /* AppDelegate.swift */; };
		FBFEE19829F6C91200EFAB20 /* SceneDelegate.swift in Sources */ = {isa = PBXBuildFile; fileRef = FBFEE19729F6C91200EFAB20 /* SceneDelegate.swift */; };
		FBFEE19F29F6C91400EFAB20 /* Assets.xcassets in Resources */ = {isa = PBXBuildFile; fileRef = FBFEE19E29F6C91400EFAB20 /* Assets.xcassets */; };
		FBFEE1A229F6C91400EFAB20 /* LaunchScreen.storyboard in Resources */ = {isa = PBXBuildFile; fileRef = FBFEE1A029F6C91400EFAB20 /* LaunchScreen.storyboard */; };
/* End PBXBuildFile section */

/* Begin PBXFileReference section */
		FB18BFBC29F6CD93004DC6EB /* ImageListPresenter.swift */ = {isa = PBXFileReference; lastKnownFileType = sourcecode.swift; path = ImageListPresenter.swift; sourceTree = "<group>"; };
		FB18BFBD29F6CD93004DC6EB /* ImageListWorker.swift */ = {isa = PBXFileReference; lastKnownFileType = sourcecode.swift; path = ImageListWorker.swift; sourceTree = "<group>"; };
		FB18BFBE29F6CD93004DC6EB /* ImageListRouter.swift */ = {isa = PBXFileReference; lastKnownFileType = sourcecode.swift; path = ImageListRouter.swift; sourceTree = "<group>"; };
		FB18BFBF29F6CD93004DC6EB /* ImageListModels.swift */ = {isa = PBXFileReference; lastKnownFileType = sourcecode.swift; path = ImageListModels.swift; sourceTree = "<group>"; };
		FB18BFC029F6CD93004DC6EB /* ImageListViewController.swift */ = {isa = PBXFileReference; lastKnownFileType = sourcecode.swift; path = ImageListViewController.swift; sourceTree = "<group>"; };
		FB18BFC129F6CD93004DC6EB /* ImageListInteractor.swift */ = {isa = PBXFileReference; lastKnownFileType = sourcecode.swift; path = ImageListInteractor.swift; sourceTree = "<group>"; };
		FB18BFC929F6CDDA004DC6EB /* ImageDetailPresenter.swift */ = {isa = PBXFileReference; lastKnownFileType = sourcecode.swift; path = ImageDetailPresenter.swift; sourceTree = "<group>"; };
		FB18BFCA29F6CDDA004DC6EB /* ImageDetailWorker.swift */ = {isa = PBXFileReference; lastKnownFileType = sourcecode.swift; path = ImageDetailWorker.swift; sourceTree = "<group>"; };
		FB18BFCB29F6CDDA004DC6EB /* ImageDetailRouter.swift */ = {isa = PBXFileReference; lastKnownFileType = sourcecode.swift; path = ImageDetailRouter.swift; sourceTree = "<group>"; };
		FB18BFCC29F6CDDA004DC6EB /* ImageDetailModels.swift */ = {isa = PBXFileReference; lastKnownFileType = sourcecode.swift; path = ImageDetailModels.swift; sourceTree = "<group>"; };
		FB18BFCD29F6CDDA004DC6EB /* ImageDetailViewController.swift */ = {isa = PBXFileReference; lastKnownFileType = sourcecode.swift; path = ImageDetailViewController.swift; sourceTree = "<group>"; };
		FB18BFCE29F6CDDA004DC6EB /* ImageDetailInteractor.swift */ = {isa = PBXFileReference; lastKnownFileType = sourcecode.swift; path = ImageDetailInteractor.swift; sourceTree = "<group>"; };
		FB18BFD529F6CEE4004DC6EB /* ImageListStoryboard.storyboard */ = {isa = PBXFileReference; lastKnownFileType = file.storyboard; path = ImageListStoryboard.storyboard; sourceTree = "<group>"; };
		FB18BFD729F6CF08004DC6EB /* ImageDetailStoryboard.storyboard */ = {isa = PBXFileReference; lastKnownFileType = file.storyboard; path = ImageDetailStoryboard.storyboard; sourceTree = "<group>"; };
		FBFEE19229F6C91200EFAB20 /* PicsumListDemo.app */ = {isa = PBXFileReference; explicitFileType = wrapper.application; includeInIndex = 0; path = PicsumListDemo.app; sourceTree = BUILT_PRODUCTS_DIR; };
		FBFEE19529F6C91200EFAB20 /* AppDelegate.swift */ = {isa = PBXFileReference; lastKnownFileType = sourcecode.swift; path = AppDelegate.swift; sourceTree = "<group>"; };
		FBFEE19729F6C91200EFAB20 /* SceneDelegate.swift */ = {isa = PBXFileReference; lastKnownFileType = sourcecode.swift; path = SceneDelegate.swift; sourceTree = "<group>"; };
		FBFEE19E29F6C91400EFAB20 /* Assets.xcassets */ = {isa = PBXFileReference; lastKnownFileType = folder.assetcatalog; path = Assets.xcassets; sourceTree = "<group>"; };
		FBFEE1A129F6C91400EFAB20 /* Base */ = {isa = PBXFileReference; lastKnownFileType = file.storyboard; name = Base; path = Base.lproj/LaunchScreen.storyboard; sourceTree = "<group>"; };
		FBFEE1A329F6C91400EFAB20 /* Info.plist */ = {isa = PBXFileReference; lastKnownFileType = text.plist.xml; path = Info.plist; sourceTree = "<group>"; };
/* End PBXFileReference section */

/* Begin PBXFrameworksBuildPhase section */
		FBFEE18F29F6C91200EFAB20 /* Frameworks */ = {
			isa = PBXFrameworksBuildPhase;
			buildActionMask = 2147483647;
			files = (
			);
			runOnlyForDeploymentPostprocessing = 0;
		};
/* End PBXFrameworksBuildPhase section */

/* Begin PBXGroup section */
		FB18BFB829F6CC95004DC6EB /* Controllers */ = {
			isa = PBXGroup;
			children = (
				FB18BFC829F6CDA2004DC6EB /* ImageDetailView */,
				FB18BFBB29F6CD4E004DC6EB /* ImageListView */,
			);
			path = Controllers;
			sourceTree = "<group>";
		};
		FB18BFB929F6CCA9004DC6EB /* Managers */ = {
			isa = PBXGroup;
			children = (
			);
			path = Managers;
			sourceTree = "<group>";
		};
		FB18BFBA29F6CCB5004DC6EB /* Extension */ = {
			isa = PBXGroup;
			children = (
			);
			path = Extension;
			sourceTree = "<group>";
		};
		FB18BFBB29F6CD4E004DC6EB /* ImageListView */ = {
			isa = PBXGroup;
			children = (
				FB18BFD529F6CEE4004DC6EB /* ImageListStoryboard.storyboard */,
				FB18BFBC29F6CD93004DC6EB /* ImageListPresenter.swift */,
				FB18BFBD29F6CD93004DC6EB /* ImageListWorker.swift */,
				FB18BFBE29F6CD93004DC6EB /* ImageListRouter.swift */,
				FB18BFBF29F6CD93004DC6EB /* ImageListModels.swift */,
				FB18BFC029F6CD93004DC6EB /* ImageListViewController.swift */,
				FB18BFC129F6CD93004DC6EB /* ImageListInteractor.swift */,
			);
			path = ImageListView;
			sourceTree = "<group>";
		};
		FB18BFC829F6CDA2004DC6EB /* ImageDetailView */ = {
			isa = PBXGroup;
			children = (
				FB18BFD729F6CF08004DC6EB /* ImageDetailStoryboard.storyboard */,
				FB18BFC929F6CDDA004DC6EB /* ImageDetailPresenter.swift */,
				FB18BFCA29F6CDDA004DC6EB /* ImageDetailWorker.swift */,
				FB18BFCB29F6CDDA004DC6EB /* ImageDetailRouter.swift */,
				FB18BFCC29F6CDDA004DC6EB /* ImageDetailModels.swift */,
				FB18BFCD29F6CDDA004DC6EB /* ImageDetailViewController.swift */,
				FB18BFCE29F6CDDA004DC6EB /* ImageDetailInteractor.swift */,
			);
			path = ImageDetailView;
			sourceTree = "<group>";
		};
		FBFEE18929F6C91200EFAB20 = {
			isa = PBXGroup;
			children = (
				FBFEE19429F6C91200EFAB20 /* PicsumListDemo */,
				FBFEE19329F6C91200EFAB20 /* Products */,
			);
			sourceTree = "<group>";
		};
		FBFEE19329F6C91200EFAB20 /* Products */ = {
			isa = PBXGroup;
			children = (
				FBFEE19229F6C91200EFAB20 /* PicsumListDemo.app */,
			);
			name = Products;
			sourceTree = "<group>";
		};
		FBFEE19429F6C91200EFAB20 /* PicsumListDemo */ = {
			isa = PBXGroup;
			children = (
				FB18BFBA29F6CCB5004DC6EB /* Extension */,
				FB18BFB929F6CCA9004DC6EB /* Managers */,
				FB18BFB829F6CC95004DC6EB /* Controllers */,
				FBFEE19529F6C91200EFAB20 /* AppDelegate.swift */,
				FBFEE19729F6C91200EFAB20 /* SceneDelegate.swift */,
				FBFEE19E29F6C91400EFAB20 /* Assets.xcassets */,
				FBFEE1A029F6C91400EFAB20 /* LaunchScreen.storyboard */,
				FBFEE1A329F6C91400EFAB20 /* Info.plist */,
			);
			path = PicsumListDemo;
			sourceTree = "<group>";
		};
/* End PBXGroup section */

/* Begin PBXNativeTarget section */
		FBFEE19129F6C91200EFAB20 /* PicsumListDemo */ = {
			isa = PBXNativeTarget;
			buildConfigurationList = FBFEE1A629F6C91400EFAB20 /* Build configuration list for PBXNativeTarget "PicsumListDemo" */;
			buildPhases = (
				FBFEE18E29F6C91200EFAB20 /* Sources */,
				FBFEE18F29F6C91200EFAB20 /* Frameworks */,
				FBFEE19029F6C91200EFAB20 /* Resources */,
			);
			buildRules = (
			);
			dependencies = (
			);
			name = PicsumListDemo;
			productName = PicsumListDemo;
			productReference = FBFEE19229F6C91200EFAB20 /* PicsumListDemo.app */;
			productType = "com.apple.product-type.application";
		};
/* End PBXNativeTarget section */

/* Begin PBXProject section */
		FBFEE18A29F6C91200EFAB20 /* Project object */ = {
			isa = PBXProject;
			attributes = {
				BuildIndependentTargetsInParallel = 1;
				LastSwiftUpdateCheck = 1420;
				LastUpgradeCheck = 1420;
				TargetAttributes = {
					FBFEE19129F6C91200EFAB20 = {
						CreatedOnToolsVersion = 14.2;
					};
				};
			};
			buildConfigurationList = FBFEE18D29F6C91200EFAB20 /* Build configuration list for PBXProject "PicsumListDemo" */;
			compatibilityVersion = "Xcode 14.0";
			developmentRegion = en;
			hasScannedForEncodings = 0;
			knownRegions = (
				en,
				Base,
			);
			mainGroup = FBFEE18929F6C91200EFAB20;
			productRefGroup = FBFEE19329F6C91200EFAB20 /* Products */;
			projectDirPath = "";
			projectRoot = "";
			targets = (
				FBFEE19129F6C91200EFAB20 /* PicsumListDemo */,
			);
		};
/* End PBXProject section */

/* Begin PBXResourcesBuildPhase section */
		FBFEE19029F6C91200EFAB20 /* Resources */ = {
			isa = PBXResourcesBuildPhase;
			buildActionMask = 2147483647;
			files = (
				FB18BFD829F6CF08004DC6EB /* ImageDetailStoryboard.storyboard in Resources */,
				FBFEE1A229F6C91400EFAB20 /* LaunchScreen.storyboard in Resources */,
				FB18BFD629F6CEE4004DC6EB /* ImageListStoryboard.storyboard in Resources */,
				FBFEE19F29F6C91400EFAB20 /* Assets.xcassets in Resources */,
			);
			runOnlyForDeploymentPostprocessing = 0;
		};
/* End PBXResourcesBuildPhase section */

/* Begin PBXSourcesBuildPhase section */
		FBFEE18E29F6C91200EFAB20 /* Sources */ = {
			isa = PBXSourcesBuildPhase;
			buildActionMask = 2147483647;
			files = (
				FB18BFD029F6CDDA004DC6EB /* ImageDetailWorker.swift in Sources */,
				FB18BFD129F6CDDA004DC6EB /* ImageDetailRouter.swift in Sources */,
				FB18BFD429F6CDDA004DC6EB /* ImageDetailInteractor.swift in Sources */,
				FBFEE19629F6C91200EFAB20 /* AppDelegate.swift in Sources */,
				FB18BFC329F6CD93004DC6EB /* ImageListWorker.swift in Sources */,
				FB18BFC229F6CD93004DC6EB /* ImageListPresenter.swift in Sources */,
				FB18BFD229F6CDDA004DC6EB /* ImageDetailModels.swift in Sources */,
				FB18BFC729F6CD93004DC6EB /* ImageListInteractor.swift in Sources */,
				FB18BFC429F6CD93004DC6EB /* ImageListRouter.swift in Sources */,
				FB18BFD329F6CDDA004DC6EB /* ImageDetailViewController.swift in Sources */,
				FBFEE19829F6C91200EFAB20 /* SceneDelegate.swift in Sources */,
				FB18BFC629F6CD93004DC6EB /* ImageListViewController.swift in Sources */,
				FB18BFC529F6CD93004DC6EB /* ImageListModels.swift in Sources */,
				FB18BFCF29F6CDDA004DC6EB /* ImageDetailPresenter.swift in Sources */,
			);
			runOnlyForDeploymentPostprocessing = 0;
		};
/* End PBXSourcesBuildPhase section */

/* Begin PBXVariantGroup section */
		FBFEE1A029F6C91400EFAB20 /* LaunchScreen.storyboard */ = {
			isa = PBXVariantGroup;
			children = (
				FBFEE1A129F6C91400EFAB20 /* Base */,
			);
			name = LaunchScreen.storyboard;
			sourceTree = "<group>";
		};
/* End PBXVariantGroup section */

/* Begin XCBuildConfiguration section */
		FBFEE1A429F6C91400EFAB20 /* Debug */ = {
			isa = XCBuildConfiguration;
			buildSettings = {
				ALWAYS_SEARCH_USER_PATHS = NO;
				CLANG_ANALYZER_NONNULL = YES;
				CLANG_ANALYZER_NUMBER_OBJECT_CONVERSION = YES_AGGRESSIVE;
				CLANG_CXX_LANGUAGE_STANDARD = "gnu++20";
				CLANG_ENABLE_MODULES = YES;
				CLANG_ENABLE_OBJC_ARC = YES;
				CLANG_ENABLE_OBJC_WEAK = YES;
				CLANG_WARN_BLOCK_CAPTURE_AUTORELEASING = YES;
				CLANG_WARN_BOOL_CONVERSION = YES;
				CLANG_WARN_COMMA = YES;
				CLANG_WARN_CONSTANT_CONVERSION = YES;
				CLANG_WARN_DEPRECATED_OBJC_IMPLEMENTATIONS = YES;
				CLANG_WARN_DIRECT_OBJC_ISA_USAGE = YES_ERROR;
				CLANG_WARN_DOCUMENTATION_COMMENTS = YES;
				CLANG_WARN_EMPTY_BODY = YES;
				CLANG_WARN_ENUM_CONVERSION = YES;
				CLANG_WARN_INFINITE_RECURSION = YES;
				CLANG_WARN_INT_CONVERSION = YES;
				CLANG_WARN_NON_LITERAL_NULL_CONVERSION = YES;
				CLANG_WARN_OBJC_IMPLICIT_RETAIN_SELF = YES;
				CLANG_WARN_OBJC_LITERAL_CONVERSION = YES;
				CLANG_WARN_OBJC_ROOT_CLASS = YES_ERROR;
				CLANG_WARN_QUOTED_INCLUDE_IN_FRAMEWORK_HEADER = YES;
				CLANG_WARN_RANGE_LOOP_ANALYSIS = YES;
				CLANG_WARN_STRICT_PROTOTYPES = YES;
				CLANG_WARN_SUSPICIOUS_MOVE = YES;
				CLANG_WARN_UNGUARDED_AVAILABILITY = YES_AGGRESSIVE;
				CLANG_WARN_UNREACHABLE_CODE = YES;
				CLANG_WARN__DUPLICATE_METHOD_MATCH = YES;
				COPY_PHASE_STRIP = NO;
				DEBUG_INFORMATION_FORMAT = dwarf;
				ENABLE_STRICT_OBJC_MSGSEND = YES;
				ENABLE_TESTABILITY = YES;
				GCC_C_LANGUAGE_STANDARD = gnu11;
				GCC_DYNAMIC_NO_PIC = NO;
				GCC_NO_COMMON_BLOCKS = YES;
				GCC_OPTIMIZATION_LEVEL = 0;
				GCC_PREPROCESSOR_DEFINITIONS = (
					"DEBUG=1",
					"$(inherited)",
				);
				GCC_WARN_64_TO_32_BIT_CONVERSION = YES;
				GCC_WARN_ABOUT_RETURN_TYPE = YES_ERROR;
				GCC_WARN_UNDECLARED_SELECTOR = YES;
				GCC_WARN_UNINITIALIZED_AUTOS = YES_AGGRESSIVE;
				GCC_WARN_UNUSED_FUNCTION = YES;
				GCC_WARN_UNUSED_VARIABLE = YES;
				IPHONEOS_DEPLOYMENT_TARGET = 16.2;
				MTL_ENABLE_DEBUG_INFO = INCLUDE_SOURCE;
				MTL_FAST_MATH = YES;
				ONLY_ACTIVE_ARCH = YES;
				SDKROOT = iphoneos;
				SWIFT_ACTIVE_COMPILATION_CONDITIONS = DEBUG;
				SWIFT_OPTIMIZATION_LEVEL = "-Onone";
			};
			name = Debug;
		};
		FBFEE1A529F6C91400EFAB20 /* Release */ = {
			isa = XCBuildConfiguration;
			buildSettings = {
				ALWAYS_SEARCH_USER_PATHS = NO;
				CLANG_ANALYZER_NONNULL = YES;
				CLANG_ANALYZER_NUMBER_OBJECT_CONVERSION = YES_AGGRESSIVE;
				CLANG_CXX_LANGUAGE_STANDARD = "gnu++20";
				CLANG_ENABLE_MODULES = YES;
				CLANG_ENABLE_OBJC_ARC = YES;
				CLANG_ENABLE_OBJC_WEAK = YES;
				CLANG_WARN_BLOCK_CAPTURE_AUTORELEASING = YES;
				CLANG_WARN_BOOL_CONVERSION = YES;
				CLANG_WARN_COMMA = YES;
				CLANG_WARN_CONSTANT_CONVERSION = YES;
				CLANG_WARN_DEPRECATED_OBJC_IMPLEMENTATIONS = YES;
				CLANG_WARN_DIRECT_OBJC_ISA_USAGE = YES_ERROR;
				CLANG_WARN_DOCUMENTATION_COMMENTS = YES;
				CLANG_WARN_EMPTY_BODY = YES;
				CLANG_WARN_ENUM_CONVERSION = YES;
				CLANG_WARN_INFINITE_RECURSION = YES;
				CLANG_WARN_INT_CONVERSION = YES;
				CLANG_WARN_NON_LITERAL_NULL_CONVERSION = YES;
				CLANG_WARN_OBJC_IMPLICIT_RETAIN_SELF = YES;
				CLANG_WARN_OBJC_LITERAL_CONVERSION = YES;
				CLANG_WARN_OBJC_ROOT_CLASS = YES_ERROR;
				CLANG_WARN_QUOTED_INCLUDE_IN_FRAMEWORK_HEADER = YES;
				CLANG_WARN_RANGE_LOOP_ANALYSIS = YES;
				CLANG_WARN_STRICT_PROTOTYPES = YES;
				CLANG_WARN_SUSPICIOUS_MOVE = YES;
				CLANG_WARN_UNGUARDED_AVAILABILITY = YES_AGGRESSIVE;
				CLANG_WARN_UNREACHABLE_CODE = YES;
				CLANG_WARN__DUPLICATE_METHOD_MATCH = YES;
				COPY_PHASE_STRIP = NO;
				DEBUG_INFORMATION_FORMAT = "dwarf-with-dsym";
				ENABLE_NS_ASSERTIONS = NO;
				ENABLE_STRICT_OBJC_MSGSEND = YES;
				GCC_C_LANGUAGE_STANDARD = gnu11;
				GCC_NO_COMMON_BLOCKS = YES;
				GCC_WARN_64_TO_32_BIT_CONVERSION = YES;
				GCC_WARN_ABOUT_RETURN_TYPE = YES_ERROR;
				GCC_WARN_UNDECLARED_SELECTOR = YES;
				GCC_WARN_UNINITIALIZED_AUTOS = YES_AGGRESSIVE;
				GCC_WARN_UNUSED_FUNCTION = YES;
				GCC_WARN_UNUSED_VARIABLE = YES;
				IPHONEOS_DEPLOYMENT_TARGET = 16.2;
				MTL_ENABLE_DEBUG_INFO = NO;
				MTL_FAST_MATH = YES;
				SDKROOT = iphoneos;
				SWIFT_COMPILATION_MODE = wholemodule;
				SWIFT_OPTIMIZATION_LEVEL = "-O";
				VALIDATE_PRODUCT = YES;
			};
			name = Release;
		};
		FBFEE1A729F6C91400EFAB20 /* Debug */ = {
			isa = XCBuildConfiguration;
			buildSettings = {
				ASSETCATALOG_COMPILER_APPICON_NAME = AppIcon;
				ASSETCATALOG_COMPILER_GLOBAL_ACCENT_COLOR_NAME = AccentColor;
				CODE_SIGN_STYLE = Automatic;
				CURRENT_PROJECT_VERSION = 1;
				DEVELOPMENT_TEAM = 85JY49Q86S;
				GENERATE_INFOPLIST_FILE = YES;
				INFOPLIST_FILE = PicsumListDemo/Info.plist;
				INFOPLIST_KEY_UIApplicationSupportsIndirectInputEvents = YES;
				INFOPLIST_KEY_UILaunchStoryboardName = LaunchScreen;
				INFOPLIST_KEY_UIMainStoryboardFile = "";
				INFOPLIST_KEY_UISupportedInterfaceOrientations_iPad = "UIInterfaceOrientationPortrait UIInterfaceOrientationPortraitUpsideDown UIInterfaceOrientationLandscapeLeft UIInterfaceOrientationLandscapeRight";
				INFOPLIST_KEY_UISupportedInterfaceOrientations_iPhone = "UIInterfaceOrientationPortrait UIInterfaceOrientationLandscapeLeft UIInterfaceOrientationLandscapeRight";
				IPHONEOS_DEPLOYMENT_TARGET = 13.0;
				LD_RUNPATH_SEARCH_PATHS = (
					"$(inherited)",
					"@executable_path/Frameworks",
				);
				MARKETING_VERSION = 1.0;
				PRODUCT_BUNDLE_IDENTIFIER = com.papon.PicsumListDemo;
				PRODUCT_NAME = "$(TARGET_NAME)";
				SWIFT_EMIT_LOC_STRINGS = YES;
				SWIFT_VERSION = 5.0;
				TARGETED_DEVICE_FAMILY = "1,2";
			};
			name = Debug;
		};
		FBFEE1A829F6C91400EFAB20 /* Release */ = {
			isa = XCBuildConfiguration;
			buildSettings = {
				ASSETCATALOG_COMPILER_APPICON_NAME = AppIcon;
				ASSETCATALOG_COMPILER_GLOBAL_ACCENT_COLOR_NAME = AccentColor;
				CODE_SIGN_STYLE = Automatic;
				CURRENT_PROJECT_VERSION = 1;
				DEVELOPMENT_TEAM = 85JY49Q86S;
				GENERATE_INFOPLIST_FILE = YES;
				INFOPLIST_FILE = PicsumListDemo/Info.plist;
				INFOPLIST_KEY_UIApplicationSupportsIndirectInputEvents = YES;
				INFOPLIST_KEY_UILaunchStoryboardName = LaunchScreen;
				INFOPLIST_KEY_UIMainStoryboardFile = "";
				INFOPLIST_KEY_UISupportedInterfaceOrientations_iPad = "UIInterfaceOrientationPortrait UIInterfaceOrientationPortraitUpsideDown UIInterfaceOrientationLandscapeLeft UIInterfaceOrientationLandscapeRight";
				INFOPLIST_KEY_UISupportedInterfaceOrientations_iPhone = "UIInterfaceOrientationPortrait UIInterfaceOrientationLandscapeLeft UIInterfaceOrientationLandscapeRight";
				IPHONEOS_DEPLOYMENT_TARGET = 13.0;
				LD_RUNPATH_SEARCH_PATHS = (
					"$(inherited)",
					"@executable_path/Frameworks",
				);
				MARKETING_VERSION = 1.0;
				PRODUCT_BUNDLE_IDENTIFIER = com.papon.PicsumListDemo;
				PRODUCT_NAME = "$(TARGET_NAME)";
				SWIFT_EMIT_LOC_STRINGS = YES;
				SWIFT_VERSION = 5.0;
				TARGETED_DEVICE_FAMILY = "1,2";
			};
			name = Release;
		};
/* End XCBuildConfiguration section */

/* Begin XCConfigurationList section */
		FBFEE18D29F6C91200EFAB20 /* Build configuration list for PBXProject "PicsumListDemo" */ = {
			isa = XCConfigurationList;
			buildConfigurations = (
				FBFEE1A429F6C91400EFAB20 /* Debug */,
				FBFEE1A529F6C91400EFAB20 /* Release */,
			);
			defaultConfigurationIsVisible = 0;
			defaultConfigurationName = Release;
		};
		FBFEE1A629F6C91400EFAB20 /* Build configuration list for PBXNativeTarget "PicsumListDemo" */ = {
			isa = XCConfigurationList;
			buildConfigurations = (
				FBFEE1A729F6C91400EFAB20 /* Debug */,
				FBFEE1A829F6C91400EFAB20 /* Release */,
			);
			defaultConfigurationIsVisible = 0;
			defaultConfigurationName = Release;
		};
/* End XCConfigurationList section */
	};
	rootObject = FBFEE18A29F6C91200EFAB20 /* Project object */;
}
